
Microsoft Visual Studio Solution File, Format Version 12.00
# Visual Studio Version 17
VisualStudioVersion = 17.0.31903.59
MinimumVisualStudioVersion = 10.0.40219.1
Project("{FAE04EC0-301F-11D3-BF4B-00C04F79EFBC}") = "ReadingData", "ReadingData\ReadingData.csproj", "{688888A7-4032-4DAA-B03E-3DEC8CE92689}"
EndProject
Project("{FAE04EC0-301F-11D3-BF4B-00C04F79EFBC}") = "CreatingServer", "CreatingServer\CreatingServer.csproj", "{76EE4B50-D319-47CF-B9B1-3D3BFA4F0B32}"
EndProject
Global
	GlobalSection(SolutionConfigurationPlatforms) = preSolution
		Debug|Any CPU = Debug|Any CPU
		Release|Any CPU = Release|Any CPU
	EndGlobalSection
	GlobalSection(ProjectConfigurationPlatforms) = postSolution
		{688888A7-4032-4DAA-B03E-3DEC8CE92689}.Debug|Any CPU.ActiveCfg = Debug|Any CPU
		{688888A7-4032-4DAA-B03E-3DEC8CE92689}.Debug|Any CPU.Build.0 = Debug|Any CPU
		{688888A7-4032-4DAA-B03E-3DEC8CE92689}.Release|Any CPU.ActiveCfg = Release|Any CPU
		{688888A7-4032-4DAA-B03E-3DEC8CE92689}.Release|Any CPU.Build.0 = Release|Any CPU
		{76EE4B50-D319-47CF-B9B1-3D3BFA4F0B32}.Debug|Any CPU.ActiveCfg = Debug|Any CPU
		{76EE4B50-D319-47CF-B9B1-3D3BFA4F0B32}.Debug|Any CPU.Build.0 = Debug|Any CPU
		{76EE4B50-D319-47CF-B9B1-3D3BFA4F0B32}.Release|Any CPU.ActiveCfg = Release|Any CPU
		{76EE4B50-D319-47CF-B9B1-3D3BFA4F0B32}.Release|Any CPU.Build.0 = Release|Any CPU
	EndGlobalSection
	GlobalSection(SolutionProperties) = preSolution
		HideSolutionNode = FALSE
	EndGlobalSection
	GlobalSection(ExtensibilityGlobals) = postSolution
		SolutionGuid = {D65AEDF5-663C-4B2A-992C-14BC5C253124}
	EndGlobalSection
EndGlobal
